
Microsoft Visual Studio Solution File, Format Version 12.00
# Visual Studio Version 17
VisualStudioVersion = 17.6.33829.357
MinimumVisualStudioVersion = 10.0.40219.1
Project("{9A19103F-16F7-4668-BE54-9A1E7A4F7556}") = "MagicVillia_VillaAPI", "MagicVillia_VillaAPI\MagicVillia_VillaAPI.csproj", "{8E133A76-0BAA-40E3-8716-4866F2F300E4}"
EndProject
Global
	GlobalSection(SolutionConfigurationPlatforms) = preSolution
		Debug|Any CPU = Debug|Any CPU
		Release|Any CPU = Release|Any CPU
	EndGlobalSection
	GlobalSection(ProjectConfigurationPlatforms) = postSolution
		{8E133A76-0BAA-40E3-8716-4866F2F300E4}.Debug|Any CPU.ActiveCfg = Debug|Any CPU
		{8E133A76-0BAA-40E3-8716-4866F2F300E4}.Debug|Any CPU.Build.0 = Debug|Any CPU
		{8E133A76-0BAA-40E3-8716-4866F2F300E4}.Release|Any CPU.ActiveCfg = Release|Any CPU
		{8E133A76-0BAA-40E3-8716-4866F2F300E4}.Release|Any CPU.Build.0 = Release|Any CPU
	EndGlobalSection
	GlobalSection(SolutionProperties) = preSolution
		HideSolutionNode = FALSE
	EndGlobalSection
	GlobalSection(ExtensibilityGlobals) = postSolution
		SolutionGuid = {981AB0C2-8165-45FC-8130-4C23AC9F5DC6}
	EndGlobalSection
EndGlobal
